// !$*UTF8*$!
{
	archiveVersion = 1;
	classes = {
	};
	objectVersion = 46;
	objects = {

/* Begin PBXBuildFile section */
		64DC3E811B009AC8007D874A /* main.m in Sources */ = {isa = PBXBuildFile; fileRef = 64DC3E801B009AC8007D874A /* main.m */; };
		64DC3E841B009AC8007D874A /* AppDelegate.m in Sources */ = {isa = PBXBuildFile; fileRef = 64DC3E831B009AC8007D874A /* AppDelegate.m */; };
		64DC3E8A1B009AC8007D874A /* Main.storyboard in Resources */ = {isa = PBXBuildFile; fileRef = 64DC3E881B009AC8007D874A /* Main.storyboard */; };
		64DC3E8C1B009AC8007D874A /* Images.xcassets in Resources */ = {isa = PBXBuildFile; fileRef = 64DC3E8B1B009AC8007D874A /* Images.xcassets */; };
		64DC3E8F1B009AC8007D874A /* LaunchScreen.xib in Resources */ = {isa = PBXBuildFile; fileRef = 64DC3E8D1B009AC8007D874A /* LaunchScreen.xib */; };
		64DC3E9B1B009AC8007D874A /* ToDoListTests.m in Sources */ = {isa = PBXBuildFile; fileRef = 64DC3E9A1B009AC8007D874A /* ToDoListTests.m */; };
		64DC3EA61B00D89F007D874A /* AddToDoItemViewController.m in Sources */ = {isa = PBXBuildFile; fileRef = 64DC3EA51B00D89F007D874A /* AddToDoItemViewController.m */; };
		64DC3EA91B00D9A0007D874A /* ToDoListViewController.m in Sources */ = {isa = PBXBuildFile; fileRef = 64DC3EA81B00D9A0007D874A /* ToDoListViewController.m */; };
		64DC3EAC1B00F13D007D874A /* ToDoItem.m in Sources */ = {isa = PBXBuildFile; fileRef = 64DC3EAB1B00F13D007D874A /* ToDoItem.m */; };
/* End PBXBuildFile section */

/* Begin PBXContainerItemProxy section */
		64DC3E951B009AC8007D874A /* PBXContainerItemProxy */ = {
			isa = PBXContainerItemProxy;
			containerPortal = 64DC3E731B009AC8007D874A /* Project object */;
			proxyType = 1;
			remoteGlobalIDString = 64DC3E7A1B009AC8007D874A;
			remoteInfo = ToDoList;
		};
/* End PBXContainerItemProxy section */

/* Begin PBXFileReference section */
		64DC3E7B1B009AC8007D874A /* ToDoList.app */ = {isa = PBXFileReference; explicitFileType = wrapper.application; includeInIndex = 0; path = ToDoList.app; sourceTree = BUILT_PRODUCTS_DIR; };
		64DC3E7F1B009AC8007D874A /* Info.plist */ = {isa = PBXFileReference; lastKnownFileType = text.plist.xml; path = Info.plist; sourceTree = "<group>"; };
		64DC3E801B009AC8007D874A /* main.m */ = {isa = PBXFileReference; lastKnownFileType = sourcecode.c.objc; path = main.m; sourceTree = "<group>"; };
		64DC3E821B009AC8007D874A /* AppDelegate.h */ = {isa = PBXFileReference; lastKnownFileType = sourcecode.c.h; path = AppDelegate.h; sourceTree = "<group>"; };
		64DC3E831B009AC8007D874A /* AppDelegate.m */ = {isa = PBXFileReference; lastKnownFileType = sourcecode.c.objc; path = AppDelegate.m; sourceTree = "<group>"; };
		64DC3E891B009AC8007D874A /* Base */ = {isa = PBXFileReference; lastKnownFileType = file.storyboard; name = Base; path = Base.lproj/Main.storyboard; sourceTree = "<group>"; };
		64DC3E8B1B009AC8007D874A /* Images.xcassets */ = {isa = PBXFileReference; lastKnownFileType = folder.assetcatalog; path = Images.xcassets; sourceTree = "<group>"; };
		64DC3E8E1B009AC8007D874A /* Base */ = {isa = PBXFileReference; lastKnownFileType = file.xib; name = Base; path = Base.lproj/LaunchScreen.xib; sourceTree = "<group>"; };
		64DC3E941B009AC8007D874A /* ToDoListTests.xctest */ = {isa = PBXFileReference; explicitFileType = wrapper.cfbundle; includeInIndex = 0; path = ToDoListTests.xctest; sourceTree = BUILT_PRODUCTS_DIR; };
		64DC3E991B009AC8007D874A /* Info.plist */ = {isa = PBXFileReference; lastKnownFileType = text.plist.xml; path = Info.plist; sourceTree = "<group>"; };
		64DC3E9A1B009AC8007D874A /* ToDoListTests.m */ = {isa = PBXFileReference; lastKnownFileType = sourcecode.c.objc; path = ToDoListTests.m; sourceTree = "<group>"; };
		64DC3EA41B00D89F007D874A /* AddToDoItemViewController.h */ = {isa = PBXFileReference; fileEncoding = 4; lastKnownFileType = sourcecode.c.h; path = AddToDoItemViewController.h; sourceTree = "<group>"; };
		64DC3EA51B00D89F007D874A /* AddToDoItemViewController.m */ = {isa = PBXFileReference; fileEncoding = 4; lastKnownFileType = sourcecode.c.objc; path = AddToDoItemViewController.m; sourceTree = "<group>"; };
		64DC3EA71B00D9A0007D874A /* ToDoListViewController.h */ = {isa = PBXFileReference; fileEncoding = 4; lastKnownFileType = sourcecode.c.h; path = ToDoListViewController.h; sourceTree = "<group>"; };
		64DC3EA81B00D9A0007D874A /* ToDoListViewController.m */ = {isa = PBXFileReference; fileEncoding = 4; lastKnownFileType = sourcecode.c.objc; path = ToDoListViewController.m; sourceTree = "<group>"; };
		64DC3EAA1B00F13D007D874A /* ToDoItem.h */ = {isa = PBXFileReference; fileEncoding = 4; lastKnownFileType = sourcecode.c.h; path = ToDoItem.h; sourceTree = "<group>"; };
		64DC3EAB1B00F13D007D874A /* ToDoItem.m */ = {isa = PBXFileReference; fileEncoding = 4; lastKnownFileType = sourcecode.c.objc; path = ToDoItem.m; sourceTree = "<group>"; };
/* End PBXFileReference section */

/* Begin PBXFrameworksBuildPhase section */
		64DC3E781B009AC8007D874A /* Frameworks */ = {
			isa = PBXFrameworksBuildPhase;
			buildActionMask = 2147483647;
			files = (
			);
			runOnlyForDeploymentPostprocessing = 0;
		};
		64DC3E911B009AC8007D874A /* Frameworks */ = {
			isa = PBXFrameworksBuildPhase;
			buildActionMask = 2147483647;
			files = (
			);
			runOnlyForDeploymentPostprocessing = 0;
		};
/* End PBXFrameworksBuildPhase section */

/* Begin PBXGroup section */
		64DC3E721B009AC8007D874A = {
			isa = PBXGroup;
			children = (
				64DC3EAA1B00F13D007D874A /* ToDoItem.h */,
				64DC3EAB1B00F13D007D874A /* ToDoItem.m */,
				64DC3EA71B00D9A0007D874A /* ToDoListViewController.h */,
				64DC3EA81B00D9A0007D874A /* ToDoListViewController.m */,
				64DC3EA41B00D89F007D874A /* AddToDoItemViewController.h */,
				64DC3EA51B00D89F007D874A /* AddToDoItemViewController.m */,
				64DC3E7D1B009AC8007D874A /* ToDoList */,
				64DC3E971B009AC8007D874A /* ToDoListTests */,
				64DC3E7C1B009AC8007D874A /* Products */,
			);
			sourceTree = "<group>";
		};
		64DC3E7C1B009AC8007D874A /* Products */ = {
			isa = PBXGroup;
			children = (
				64DC3E7B1B009AC8007D874A /* ToDoList.app */,
				64DC3E941B009AC8007D874A /* ToDoListTests.xctest */,
			);
			name = Products;
			sourceTree = "<group>";
		};
		64DC3E7D1B009AC8007D874A /* ToDoList */ = {
			isa = PBXGroup;
			children = (
				64DC3E821B009AC8007D874A /* AppDelegate.h */,
				64DC3E831B009AC8007D874A /* AppDelegate.m */,
				64DC3E881B009AC8007D874A /* Main.storyboard */,
				64DC3E8B1B009AC8007D874A /* Images.xcassets */,
				64DC3E8D1B009AC8007D874A /* LaunchScreen.xib */,
				64DC3E7E1B009AC8007D874A /* Supporting Files */,
			);
			path = ToDoList;
			sourceTree = "<group>";
		};
		64DC3E7E1B009AC8007D874A /* Supporting Files */ = {
			isa = PBXGroup;
			children = (
				64DC3E7F1B009AC8007D874A /* Info.plist */,
				64DC3E801B009AC8007D874A /* main.m */,
			);
			name = "Supporting Files";
			sourceTree = "<group>";
		};
		64DC3E971B009AC8007D874A /* ToDoListTests */ = {
			isa = PBXGroup;
			children = (
				64DC3E9A1B009AC8007D874A /* ToDoListTests.m */,
				64DC3E981B009AC8007D874A /* Supporting Files */,
			);
			path = ToDoListTests;
			sourceTree = "<group>";
		};
		64DC3E981B009AC8007D874A /* Supporting Files */ = {
			isa = PBXGroup;
			children = (
				64DC3E991B009AC8007D874A /* Info.plist */,
			);
			name = "Supporting Files";
			sourceTree = "<group>";
		};
/* End PBXGroup section */

/* Begin PBXNativeTarget section */
		64DC3E7A1B009AC8007D874A /* ToDoList */ = {
			isa = PBXNativeTarget;
			buildConfigurationList = 64DC3E9E1B009AC8007D874A /* Build configuration list for PBXNativeTarget "ToDoList" */;
			buildPhases = (
				64DC3E771B009AC8007D874A /* Sources */,
				64DC3E781B009AC8007D874A /* Frameworks */,
				64DC3E791B009AC8007D874A /* Resources */,
			);
			buildRules = (
			);
			dependencies = (
			);
			name = ToDoList;
			productName = ToDoList;
			productReference = 64DC3E7B1B009AC8007D874A /* ToDoList.app */;
			productType = "com.apple.product-type.application";
		};
		64DC3E931B009AC8007D874A /* ToDoListTests */ = {
			isa = PBXNativeTarget;
			buildConfigurationList = 64DC3EA11B009AC8007D874A /* Build configuration list for PBXNativeTarget "ToDoListTests" */;
			buildPhases = (
				64DC3E901B009AC8007D874A /* Sources */,
				64DC3E911B009AC8007D874A /* Frameworks */,
				64DC3E921B009AC8007D874A /* Resources */,
			);
			buildRules = (
			);
			dependencies = (
				64DC3E961B009AC8007D874A /* PBXTargetDependency */,
			);
			name = ToDoListTests;
			productName = ToDoListTests;
			productReference = 64DC3E941B009AC8007D874A /* ToDoListTests.xctest */;
			productType = "com.apple.product-type.bundle.unit-test";
		};
/* End PBXNativeTarget section */

/* Begin PBXProject section */
		64DC3E731B009AC8007D874A /* Project object */ = {
			isa = PBXProject;
			attributes = {
				LastUpgradeCheck = 0630;
				ORGANIZATIONNAME = "Edward Byne";
				TargetAttributes = {
					64DC3E7A1B009AC8007D874A = {
						CreatedOnToolsVersion = 6.3.1;
					};
					64DC3E931B009AC8007D874A = {
						CreatedOnToolsVersion = 6.3.1;
						TestTargetID = 64DC3E7A1B009AC8007D874A;
					};
				};
			};
			buildConfigurationList = 64DC3E761B009AC8007D874A /* Build configuration list for PBXProject "ToDoList" */;
			compatibilityVersion = "Xcode 3.2";
			developmentRegion = English;
			hasScannedForEncodings = 0;
			knownRegions = (
				en,
				Base,
			);
			mainGroup = 64DC3E721B009AC8007D874A;
			productRefGroup = 64DC3E7C1B009AC8007D874A /* Products */;
			projectDirPath = "";
			projectRoot = "";
			targets = (
				64DC3E7A1B009AC8007D874A /* ToDoList */,
				64DC3E931B009AC8007D874A /* ToDoListTests */,
			);
		};
/* End PBXProject section */

/* Begin PBXResourcesBuildPhase section */
		64DC3E791B009AC8007D874A /* Resources */ = {
			isa = PBXResourcesBuildPhase;
			buildActionMask = 2147483647;
			files = (
				64DC3E8A1B009AC8007D874A /* Main.storyboard in Resources */,
				64DC3E8F1B009AC8007D874A /* LaunchScreen.xib in Resources */,
				64DC3E8C1B009AC8007D874A /* Images.xcassets in Resources */,
			);
			runOnlyForDeploymentPostprocessing = 0;
		};
		64DC3E921B009AC8007D874A /* Resources */ = {
			isa = PBXResourcesBuildPhase;
			buildActionMask = 2147483647;
			files = (
			);
			runOnlyForDeploymentPostprocessing = 0;
		};
/* End PBXResourcesBuildPhase section */

/* Begin PBXSourcesBuildPhase section */
		64DC3E771B009AC8007D874A /* Sources */ = {
			isa = PBXSourcesBuildPhase;
			buildActionMask = 2147483647;
			files = (
				64DC3EA91B00D9A0007D874A /* ToDoListViewController.m in Sources */,
				64DC3EAC1B00F13D007D874A /* ToDoItem.m in Sources */,
				64DC3E841B009AC8007D874A /* AppDelegate.m in Sources */,
				64DC3E811B009AC8007D874A /* main.m in Sources */,
				64DC3EA61B00D89F007D874A /* AddToDoItemViewController.m in Sources */,
			);
			runOnlyForDeploymentPostprocessing = 0;
		};
		64DC3E901B009AC8007D874A /* Sources */ = {
			isa = PBXSourcesBuildPhase;
			buildActionMask = 2147483647;
			files = (
				64DC3E9B1B009AC8007D874A /* ToDoListTests.m in Sources */,
			);
			runOnlyForDeploymentPostprocessing = 0;
		};
/* End PBXSourcesBuildPhase section */

/* Begin PBXTargetDependency section */
		64DC3E961B009AC8007D874A /* PBXTargetDependency */ = {
			isa = PBXTargetDependency;
			target = 64DC3E7A1B009AC8007D874A /* ToDoList */;
			targetProxy = 64DC3E951B009AC8007D874A /* PBXContainerItemProxy */;
		};
/* End PBXTargetDependency section */

/* Begin PBXVariantGroup section */
		64DC3E881B009AC8007D874A /* Main.storyboard */ = {
			isa = PBXVariantGroup;
			children = (
				64DC3E891B009AC8007D874A /* Base */,
			);
			name = Main.storyboard;
			sourceTree = "<group>";
		};
		64DC3E8D1B009AC8007D874A /* LaunchScreen.xib */ = {
			isa = PBXVariantGroup;
			children = (
				64DC3E8E1B009AC8007D874A /* Base */,
			);
			name = LaunchScreen.xib;
			sourceTree = "<group>";
		};
/* End PBXVariantGroup section */

/* Begin XCBuildConfiguration section */
		64DC3E9C1B009AC8007D874A /* Debug */ = {
			isa = XCBuildConfiguration;
			buildSettings = {
				ALWAYS_SEARCH_USER_PATHS = NO;
				CLANG_CXX_LANGUAGE_STANDARD = "gnu++0x";
				CLANG_CXX_LIBRARY = "libc++";
				CLANG_ENABLE_MODULES = YES;
				CLANG_ENABLE_OBJC_ARC = YES;
				CLANG_WARN_BOOL_CONVERSION = YES;
				CLANG_WARN_CONSTANT_CONVERSION = YES;
				CLANG_WARN_DIRECT_OBJC_ISA_USAGE = YES_ERROR;
				CLANG_WARN_EMPTY_BODY = YES;
				CLANG_WARN_ENUM_CONVERSION = YES;
				CLANG_WARN_INT_CONVERSION = YES;
				CLANG_WARN_OBJC_ROOT_CLASS = YES_ERROR;
				CLANG_WARN_UNREACHABLE_CODE = YES;
				CLANG_WARN__DUPLICATE_METHOD_MATCH = YES;
				"CODE_SIGN_IDENTITY[sdk=iphoneos*]" = "iPhone Developer";
				COPY_PHASE_STRIP = NO;
				DEBUG_INFORMATION_FORMAT = "dwarf-with-dsym";
				ENABLE_STRICT_OBJC_MSGSEND = YES;
				GCC_C_LANGUAGE_STANDARD = gnu99;
				GCC_DYNAMIC_NO_PIC = NO;
				GCC_NO_COMMON_BLOCKS = YES;
				GCC_OPTIMIZATION_LEVEL = 0;
				GCC_PREPROCESSOR_DEFINITIONS = (
					"DEBUG=1",
					"$(inherited)",
				);
				GCC_SYMBOLS_PRIVATE_EXTERN = NO;
				GCC_WARN_64_TO_32_BIT_CONVERSION = YES;
				GCC_WARN_ABOUT_RETURN_TYPE = YES_ERROR;
				GCC_WARN_UNDECLARED_SELECTOR = YES;
				GCC_WARN_UNINITIALIZED_AUTOS = YES_AGGRESSIVE;
				GCC_WARN_UNUSED_FUNCTION = YES;
				GCC_WARN_UNUSED_VARIABLE = YES;
				IPHONEOS_DEPLOYMENT_TARGET = 8.3;
				MTL_ENABLE_DEBUG_INFO = YES;
				ONLY_ACTIVE_ARCH = YES;
				SDKROOT = iphoneos;
				TARGETED_DEVICE_FAMILY = "1,2";
			};
			name = Debug;
		};
		64DC3E9D1B009AC8007D874A /* Release */ = {
			isa = XCBuildConfiguration;
			buildSettings = {
				ALWAYS_SEARCH_USER_PATHS = NO;
				CLANG_CXX_LANGUAGE_STANDARD = "gnu++0x";
				CLANG_CXX_LIBRARY = "libc++";
				CLANG_ENABLE_MODULES = YES;
				CLANG_ENABLE_OBJC_ARC = YES;
				CLANG_WARN_BOOL_CONVERSION = YES;
				CLANG_WARN_CONSTANT_CONVERSION = YES;
				CLANG_WARN_DIRECT_OBJC_ISA_USAGE = YES_ERROR;
				CLANG_WARN_EMPTY_BODY = YES;
				CLANG_WARN_ENUM_CONVERSION = YES;
				CLANG_WARN_INT_CONVERSION = YES;
				CLANG_WARN_OBJC_ROOT_CLASS = YES_ERROR;
				CLANG_WARN_UNREACHABLE_CODE = YES;
				CLANG_WARN__DUPLICATE_METHOD_MATCH = YES;
				"CODE_SIGN_IDENTITY[sdk=iphoneos*]" = "iPhone Developer";
				COPY_PHASE_STRIP = NO;
				DEBUG_INFORMATION_FORMAT = "dwarf-with-dsym";
				ENABLE_NS_ASSERTIONS = NO;
				ENABLE_STRICT_OBJC_MSGSEND = YES;
				GCC_C_LANGUAGE_STANDARD = gnu99;
				GCC_NO_COMMON_BLOCKS = YES;
				GCC_WARN_64_TO_32_BIT_CONVERSION = YES;
				GCC_WARN_ABOUT_RETURN_TYPE = YES_ERROR;
				GCC_WARN_UNDECLARED_SELECTOR = YES;
				GCC_WARN_UNINITIALIZED_AUTOS = YES_AGGRESSIVE;
				GCC_WARN_UNUSED_FUNCTION = YES;
				GCC_WARN_UNUSED_VARIABLE = YES;
				IPHONEOS_DEPLOYMENT_TARGET = 8.3;
				MTL_ENABLE_DEBUG_INFO = NO;
				SDKROOT = iphoneos;
				TARGETED_DEVICE_FAMILY = "1,2";
				VALIDATE_PRODUCT = YES;
			};
			name = Release;
		};
		64DC3E9F1B009AC8007D874A /* Debug */ = {
			isa = XCBuildConfiguration;
			buildSettings = {
				ASSETCATALOG_COMPILER_APPICON_NAME = AppIcon;
				INFOPLIST_FILE = ToDoList/Info.plist;
				LD_RUNPATH_SEARCH_PATHS = "$(inherited) @executable_path/Frameworks";
				PRODUCT_NAME = "$(TARGET_NAME)";
			};
			name = Debug;
		};
		64DC3EA01B009AC8007D874A /* Release */ = {
			isa = XCBuildConfiguration;
			buildSettings = {
				ASSETCATALOG_COMPILER_APPICON_NAME = AppIcon;
				INFOPLIST_FILE = ToDoList/Info.plist;
				LD_RUNPATH_SEARCH_PATHS = "$(inherited) @executable_path/Frameworks";
				PRODUCT_NAME = "$(TARGET_NAME)";
			};
			name = Release;
		};
		64DC3EA21B009AC8007D874A /* Debug */ = {
			isa = XCBuildConfiguration;
			buildSettings = {
				BUNDLE_LOADER = "$(TEST_HOST)";
				FRAMEWORK_SEARCH_PATHS = (
					"$(SDKROOT)/Developer/Library/Frameworks",
					"$(inherited)",
				);
				GCC_PREPROCESSOR_DEFINITIONS = (
					"DEBUG=1",
					"$(inherited)",
				);
				INFOPLIST_FILE = ToDoListTests/Info.plist;
				LD_RUNPATH_SEARCH_PATHS = "$(inherited) @executable_path/Frameworks @loader_path/Frameworks";
				PRODUCT_NAME = "$(TARGET_NAME)";
				TEST_HOST = "$(BUILT_PRODUCTS_DIR)/ToDoList.app/ToDoList";
			};
			name = Debug;
		};
		64DC3EA31B009AC8007D874A /* Release */ = {
			isa = XCBuildConfiguration;
			buildSettings = {
				BUNDLE_LOADER = "$(TEST_HOST)";
				FRAMEWORK_SEARCH_PATHS = (
					"$(SDKROOT)/Developer/Library/Frameworks",
					"$(inherited)",
				);
				INFOPLIST_FILE = ToDoListTests/Info.plist;
				LD_RUNPATH_SEARCH_PATHS = "$(inherited) @executable_path/Frameworks @loader_path/Frameworks";
				PRODUCT_NAME = "$(TARGET_NAME)";
				TEST_HOST = "$(BUILT_PRODUCTS_DIR)/ToDoList.app/ToDoList";
			};
			name = Release;
		};
/* End XCBuildConfiguration section */

/* Begin XCConfigurationList section */
		64DC3E761B009AC8007D874A /* Build configuration list for PBXProject "ToDoList" */ = {
			isa = XCConfigurationList;
			buildConfigurations = (
				64DC3E9C1B009AC8007D874A /* Debug */,
				64DC3E9D1B009AC8007D874A /* Release */,
			);
			defaultConfigurationIsVisible = 0;
			defaultConfigurationName = Release;
		};
		64DC3E9E1B009AC8007D874A /* Build configuration list for PBXNativeTarget "ToDoList" */ = {
			isa = XCConfigurationList;
			buildConfigurations = (
				64DC3E9F1B009AC8007D874A /* Debug */,
				64DC3EA01B009AC8007D874A /* Release */,
			);
			defaultConfigurationIsVisible = 0;
			defaultConfigurationName = Release;
		};
		64DC3EA11B009AC8007D874A /* Build configuration list for PBXNativeTarget "ToDoListTests" */ = {
			isa = XCConfigurationList;
			buildConfigurations = (
				64DC3EA21B009AC8007D874A /* Debug */,
				64DC3EA31B009AC8007D874A /* Release */,
			);
			defaultConfigurationIsVisible = 0;
			defaultConfigurationName = Release;
		};
/* End XCConfigurationList section */
	};
	rootObject = 64DC3E731B009AC8007D874A /* Project object */;
}
